// !$*UTF8*$!
{
	archiveVersion = 1;
	classes = {
	};
	objectVersion = 50;
	objects = {

/* Begin PBXBuildFile section */
		C18F3E94221FA095000CD8C1 /* AppDelegate.swift in Sources */ = {isa = PBXBuildFile; fileRef = C18F3E93221FA095000CD8C1 /* AppDelegate.swift */; };
		C18F3E96221FA095000CD8C1 /* ViewController.swift in Sources */ = {isa = PBXBuildFile; fileRef = C18F3E95221FA095000CD8C1 /* ViewController.swift */; };
		C18F3E99221FA095000CD8C1 /* Main.storyboard in Resources */ = {isa = PBXBuildFile; fileRef = C18F3E97221FA095000CD8C1 /* Main.storyboard */; };
		C18F3E9B221FA098000CD8C1 /* Assets.xcassets in Resources */ = {isa = PBXBuildFile; fileRef = C18F3E9A221FA098000CD8C1 /* Assets.xcassets */; };
		C18F3E9E221FA098000CD8C1 /* LaunchScreen.storyboard in Resources */ = {isa = PBXBuildFile; fileRef = C18F3E9C221FA098000CD8C1 /* LaunchScreen.storyboard */; };
		C18F3EA6221FAC3F000CD8C1 /* Constants.swift in Sources */ = {isa = PBXBuildFile; fileRef = C18F3EA5221FAC3F000CD8C1 /* Constants.swift */; };
		C18F3EA8221FAD25000CD8C1 /* okButton.swift in Sources */ = {isa = PBXBuildFile; fileRef = C18F3EA7221FAD25000CD8C1 /* okButton.swift */; };
/* End PBXBuildFile section */

/* Begin PBXFileReference section */
		C18F3E90221FA095000CD8C1 /* toggleButtonDemo.app */ = {isa = PBXFileReference; explicitFileType = wrapper.application; includeInIndex = 0; path = toggleButtonDemo.app; sourceTree = BUILT_PRODUCTS_DIR; };
		C18F3E93221FA095000CD8C1 /* AppDelegate.swift */ = {isa = PBXFileReference; lastKnownFileType = sourcecode.swift; path = AppDelegate.swift; sourceTree = "<group>"; };
		C18F3E95221FA095000CD8C1 /* ViewController.swift */ = {isa = PBXFileReference; lastKnownFileType = sourcecode.swift; path = ViewController.swift; sourceTree = "<group>"; };
		C18F3E98221FA095000CD8C1 /* Base */ = {isa = PBXFileReference; lastKnownFileType = file.storyboard; name = Base; path = Base.lproj/Main.storyboard; sourceTree = "<group>"; };
		C18F3E9A221FA098000CD8C1 /* Assets.xcassets */ = {isa = PBXFileReference; lastKnownFileType = folder.assetcatalog; path = Assets.xcassets; sourceTree = "<group>"; };
		C18F3E9D221FA098000CD8C1 /* Base */ = {isa = PBXFileReference; lastKnownFileType = file.storyboard; name = Base; path = Base.lproj/LaunchScreen.storyboard; sourceTree = "<group>"; };
		C18F3E9F221FA098000CD8C1 /* Info.plist */ = {isa = PBXFileReference; lastKnownFileType = text.plist.xml; path = Info.plist; sourceTree = "<group>"; };
		C18F3EA5221FAC3F000CD8C1 /* Constants.swift */ = {isa = PBXFileReference; lastKnownFileType = sourcecode.swift; path = Constants.swift; sourceTree = "<group>"; };
		C18F3EA7221FAD25000CD8C1 /* okButton.swift */ = {isa = PBXFileReference; lastKnownFileType = sourcecode.swift; path = okButton.swift; sourceTree = "<group>"; };
/* End PBXFileReference section */

/* Begin PBXFrameworksBuildPhase section */
		C18F3E8D221FA095000CD8C1 /* Frameworks */ = {
			isa = PBXFrameworksBuildPhase;
			buildActionMask = 2147483647;
			files = (
			);
			runOnlyForDeploymentPostprocessing = 0;
		};
/* End PBXFrameworksBuildPhase section */

/* Begin PBXGroup section */
		C18F3E87221FA095000CD8C1 = {
			isa = PBXGroup;
			children = (
				C18F3E92221FA095000CD8C1 /* toggleButtonDemo */,
				C18F3E91221FA095000CD8C1 /* Products */,
			);
			sourceTree = "<group>";
		};
		C18F3E91221FA095000CD8C1 /* Products */ = {
			isa = PBXGroup;
			children = (
				C18F3E90221FA095000CD8C1 /* toggleButtonDemo.app */,
			);
			name = Products;
			sourceTree = "<group>";
		};
		C18F3E92221FA095000CD8C1 /* toggleButtonDemo */ = {
			isa = PBXGroup;
			children = (
				C18F3E93221FA095000CD8C1 /* AppDelegate.swift */,
				C18F3E95221FA095000CD8C1 /* ViewController.swift */,
				C18F3E97221FA095000CD8C1 /* Main.storyboard */,
				C18F3E9A221FA098000CD8C1 /* Assets.xcassets */,
				C18F3E9C221FA098000CD8C1 /* LaunchScreen.storyboard */,
				C18F3E9F221FA098000CD8C1 /* Info.plist */,
				C18F3EA5221FAC3F000CD8C1 /* Constants.swift */,
				C18F3EA7221FAD25000CD8C1 /* okButton.swift */,
			);
			path = toggleButtonDemo;
			sourceTree = "<group>";
		};
/* End PBXGroup section */

/* Begin PBXNativeTarget section */
		C18F3E8F221FA095000CD8C1 /* toggleButtonDemo */ = {
			isa = PBXNativeTarget;
			buildConfigurationList = C18F3EA2221FA098000CD8C1 /* Build configuration list for PBXNativeTarget "toggleButtonDemo" */;
			buildPhases = (
				C18F3E8C221FA095000CD8C1 /* Sources */,
				C18F3E8D221FA095000CD8C1 /* Frameworks */,
				C18F3E8E221FA095000CD8C1 /* Resources */,
			);
			buildRules = (
			);
			dependencies = (
			);
			name = toggleButtonDemo;
			productName = toggleButtonDemo;
			productReference = C18F3E90221FA095000CD8C1 /* toggleButtonDemo.app */;
			productType = "com.apple.product-type.application";
		};
/* End PBXNativeTarget section */

/* Begin PBXProject section */
		C18F3E88221FA095000CD8C1 /* Project object */ = {
			isa = PBXProject;
			attributes = {
				LastSwiftUpdateCheck = 1010;
				LastUpgradeCheck = 1010;
				ORGANIZATIONNAME = TakayukiOshima;
				TargetAttributes = {
					C18F3E8F221FA095000CD8C1 = {
						CreatedOnToolsVersion = 10.1;
					};
				};
			};
			buildConfigurationList = C18F3E8B221FA095000CD8C1 /* Build configuration list for PBXProject "toggleButtonDemo" */;
			compatibilityVersion = "Xcode 9.3";
			developmentRegion = en;
			hasScannedForEncodings = 0;
			knownRegions = (
				en,
				Base,
			);
			mainGroup = C18F3E87221FA095000CD8C1;
			productRefGroup = C18F3E91221FA095000CD8C1 /* Products */;
			projectDirPath = "";
			projectRoot = "";
			targets = (
				C18F3E8F221FA095000CD8C1 /* toggleButtonDemo */,
			);
		};
/* End PBXProject section */

/* Begin PBXResourcesBuildPhase section */
		C18F3E8E221FA095000CD8C1 /* Resources */ = {
			isa = PBXResourcesBuildPhase;
			buildActionMask = 2147483647;
			files = (
				C18F3E9E221FA098000CD8C1 /* LaunchScreen.storyboard in Resources */,
				C18F3E9B221FA098000CD8C1 /* Assets.xcassets in Resources */,
				C18F3E99221FA095000CD8C1 /* Main.storyboard in Resources */,
			);
			runOnlyForDeploymentPostprocessing = 0;
		};
/* End PBXResourcesBuildPhase section */

/* Begin PBXSourcesBuildPhase section */
		C18F3E8C221FA095000CD8C1 /* Sources */ = {
			isa = PBXSourcesBuildPhase;
			buildActionMask = 2147483647;
			files = (
				C18F3E96221FA095000CD8C1 /* ViewController.swift in Sources */,
				C18F3E94221FA095000CD8C1 /* AppDelegate.swift in Sources */,
				C18F3EA6221FAC3F000CD8C1 /* Constants.swift in Sources */,
				C18F3EA8221FAD25000CD8C1 /* okButton.swift in Sources */,
			);
			runOnlyForDeploymentPostprocessing = 0;
		};
/* End PBXSourcesBuildPhase section */

/* Begin PBXVariantGroup section */
		C18F3E97221FA095000CD8C1 /* Main.storyboard */ = {
			isa = PBXVariantGroup;
			children = (
				C18F3E98221FA095000CD8C1 /* Base */,
			);
			name = Main.storyboard;
			sourceTree = "<group>";
		};
		C18F3E9C221FA098000CD8C1 /* LaunchScreen.storyboard */ = {
			isa = PBXVariantGroup;
			children = (
				C18F3E9D221FA098000CD8C1 /* Base */,
			);
			name = LaunchScreen.storyboard;
			sourceTree = "<group>";
		};
/* End PBXVariantGroup section */

/* Begin XCBuildConfiguration section */
		C18F3EA0221FA098000CD8C1 /* Debug */ = {
			isa = XCBuildConfiguration;
			buildSettings = {
				ALWAYS_SEARCH_USER_PATHS = NO;
				CLANG_ANALYZER_NONNULL = YES;
				CLANG_ANALYZER_NUMBER_OBJECT_CONVERSION = YES_AGGRESSIVE;
				CLANG_CXX_LANGUAGE_STANDARD = "gnu++14";
				CLANG_CXX_LIBRARY = "libc++";
				CLANG_ENABLE_MODULES = YES;
				CLANG_ENABLE_OBJC_ARC = YES;
				CLANG_ENABLE_OBJC_WEAK = YES;
				CLANG_WARN_BLOCK_CAPTURE_AUTORELEASING = YES;
				CLANG_WARN_BOOL_CONVERSION = YES;
				CLANG_WARN_COMMA = YES;
				CLANG_WARN_CONSTANT_CONVERSION = YES;
				CLANG_WARN_DEPRECATED_OBJC_IMPLEMENTATIONS = YES;
				CLANG_WARN_DIRECT_OBJC_ISA_USAGE = YES_ERROR;
				CLANG_WARN_DOCUMENTATION_COMMENTS = YES;
				CLANG_WARN_EMPTY_BODY = YES;
				CLANG_WARN_ENUM_CONVERSION = YES;
				CLANG_WARN_INFINITE_RECURSION = YES;
				CLANG_WARN_INT_CONVERSION = YES;
				CLANG_WARN_NON_LITERAL_NULL_CONVERSION = YES;
				CLANG_WARN_OBJC_IMPLICIT_RETAIN_SELF = YES;
				CLANG_WARN_OBJC_LITERAL_CONVERSION = YES;
				CLANG_WARN_OBJC_ROOT_CLASS = YES_ERROR;
				CLANG_WARN_RANGE_LOOP_ANALYSIS = YES;
				CLANG_WARN_STRICT_PROTOTYPES = YES;
				CLANG_WARN_SUSPICIOUS_MOVE = YES;
				CLANG_WARN_UNGUARDED_AVAILABILITY = YES_AGGRESSIVE;
				CLANG_WARN_UNREACHABLE_CODE = YES;
				CLANG_WARN__DUPLICATE_METHOD_MATCH = YES;
				CODE_SIGN_IDENTITY = "iPhone Developer";
				COPY_PHASE_STRIP = NO;
				DEBUG_INFORMATION_FORMAT = dwarf;
				ENABLE_STRICT_OBJC_MSGSEND = YES;
				ENABLE_TESTABILITY = YES;
				GCC_C_LANGUAGE_STANDARD = gnu11;
				GCC_DYNAMIC_NO_PIC = NO;
				GCC_NO_COMMON_BLOCKS = YES;
				GCC_OPTIMIZATION_LEVEL = 0;
				GCC_PREPROCESSOR_DEFINITIONS = (
					"DEBUG=1",
					"$(inherited)",
				);
				GCC_WARN_64_TO_32_BIT_CONVERSION = YES;
				GCC_WARN_ABOUT_RETURN_TYPE = YES_ERROR;
				GCC_WARN_UNDECLARED_SELECTOR = YES;
				GCC_WARN_UNINITIALIZED_AUTOS = YES_AGGRESSIVE;
				GCC_WARN_UNUSED_FUNCTION = YES;
				GCC_WARN_UNUSED_VARIABLE = YES;
				IPHONEOS_DEPLOYMENT_TARGET = 12.1;
				MTL_ENABLE_DEBUG_INFO = INCLUDE_SOURCE;
				MTL_FAST_MATH = YES;
				ONLY_ACTIVE_ARCH = YES;
				SDKROOT = iphoneos;
				SWIFT_ACTIVE_COMPILATION_CONDITIONS = DEBUG;
				SWIFT_OPTIMIZATION_LEVEL = "-Onone";
			};
			name = Debug;
		};
		C18F3EA1221FA098000CD8C1 /* Release */ = {
			isa = XCBuildConfiguration;
			buildSettings = {
				ALWAYS_SEARCH_USER_PATHS = NO;
				CLANG_ANALYZER_NONNULL = YES;
				CLANG_ANALYZER_NUMBER_OBJECT_CONVERSION = YES_AGGRESSIVE;
				CLANG_CXX_LANGUAGE_STANDARD = "gnu++14";
				CLANG_CXX_LIBRARY = "libc++";
				CLANG_ENABLE_MODULES = YES;
				CLANG_ENABLE_OBJC_ARC = YES;
				CLANG_ENABLE_OBJC_WEAK = YES;
				CLANG_WARN_BLOCK_CAPTURE_AUTORELEASING = YES;
				CLANG_WARN_BOOL_CONVERSION = YES;
				CLANG_WARN_COMMA = YES;
				CLANG_WARN_CONSTANT_CONVERSION = YES;
				CLANG_WARN_DEPRECATED_OBJC_IMPLEMENTATIONS = YES;
				CLANG_WARN_DIRECT_OBJC_ISA_USAGE = YES_ERROR;
				CLANG_WARN_DOCUMENTATION_COMMENTS = YES;
				CLANG_WARN_EMPTY_BODY = YES;
				CLANG_WARN_ENUM_CONVERSION = YES;
				CLANG_WARN_INFINITE_RECURSION = YES;
				CLANG_WARN_INT_CONVERSION = YES;
				CLANG_WARN_NON_LITERAL_NULL_CONVERSION = YES;
				CLANG_WARN_OBJC_IMPLICIT_RETAIN_SELF = YES;
				CLANG_WARN_OBJC_LITERAL_CONVERSION = YES;
				CLANG_WARN_OBJC_ROOT_CLASS = YES_ERROR;
				CLANG_WARN_RANGE_LOOP_ANALYSIS = YES;
				CLANG_WARN_STRICT_PROTOTYPES = YES;
				CLANG_WARN_SUSPICIOUS_MOVE = YES;
				CLANG_WARN_UNGUARDED_AVAILABILITY = YES_AGGRESSIVE;
				CLANG_WARN_UNREACHABLE_CODE = YES;
				CLANG_WARN__DUPLICATE_METHOD_MATCH = YES;
				CODE_SIGN_IDENTITY = "iPhone Developer";
				COPY_PHASE_STRIP = NO;
				DEBUG_INFORMATION_FORMAT = "dwarf-with-dsym";
				ENABLE_NS_ASSERTIONS = NO;
				ENABLE_STRICT_OBJC_MSGSEND = YES;
				GCC_C_LANGUAGE_STANDARD = gnu11;
				GCC_NO_COMMON_BLOCKS = YES;
				GCC_WARN_64_TO_32_BIT_CONVERSION = YES;
				GCC_WARN_ABOUT_RETURN_TYPE = YES_ERROR;
				GCC_WARN_UNDECLARED_SELECTOR = YES;
				GCC_WARN_UNINITIALIZED_AUTOS = YES_AGGRESSIVE;
				GCC_WARN_UNUSED_FUNCTION = YES;
				GCC_WARN_UNUSED_VARIABLE = YES;
				IPHONEOS_DEPLOYMENT_TARGET = 12.1;
				MTL_ENABLE_DEBUG_INFO = NO;
				MTL_FAST_MATH = YES;
				SDKROOT = iphoneos;
				SWIFT_COMPILATION_MODE = wholemodule;
				SWIFT_OPTIMIZATION_LEVEL = "-O";
				VALIDATE_PRODUCT = YES;
			};
			name = Release;
		};
		C18F3EA3221FA098000CD8C1 /* Debug */ = {
			isa = XCBuildConfiguration;
			buildSettings = {
				ASSETCATALOG_COMPILER_APPICON_NAME = AppIcon;
				CODE_SIGN_STYLE = Automatic;
				DEVELOPMENT_TEAM = UHX35DMHWQ;
				INFOPLIST_FILE = toggleButtonDemo/Info.plist;
				LD_RUNPATH_SEARCH_PATHS = (
					"$(inherited)",
					"@executable_path/Frameworks",
				);
				PRODUCT_BUNDLE_IDENTIFIER = com.gmail.oshimamasara.toggleButtonDemo;
				PRODUCT_NAME = "$(TARGET_NAME)";
				SWIFT_VERSION = 4.2;
				TARGETED_DEVICE_FAMILY = "1,2";
			};
			name = Debug;
		};
		C18F3EA4221FA098000CD8C1 /* Release */ = {
			isa = XCBuildConfiguration;
			buildSettings = {
				ASSETCATALOG_COMPILER_APPICON_NAME = AppIcon;
				CODE_SIGN_STYLE = Automatic;
				DEVELOPMENT_TEAM = UHX35DMHWQ;
				INFOPLIST_FILE = toggleButtonDemo/Info.plist;
				LD_RUNPATH_SEARCH_PATHS = (
					"$(inherited)",
					"@executable_path/Frameworks",
				);
				PRODUCT_BUNDLE_IDENTIFIER = com.gmail.oshimamasara.toggleButtonDemo;
				PRODUCT_NAME = "$(TARGET_NAME)";
				SWIFT_VERSION = 4.2;
				TARGETED_DEVICE_FAMILY = "1,2";
			};
			name = Release;
		};
/* End XCBuildConfiguration section */

/* Begin XCConfigurationList section */
		C18F3E8B221FA095000CD8C1 /* Build configuration list for PBXProject "toggleButtonDemo" */ = {
			isa = XCConfigurationList;
			buildConfigurations = (
				C18F3EA0221FA098000CD8C1 /* Debug */,
				C18F3EA1221FA098000CD8C1 /* Release */,
			);
			defaultConfigurationIsVisible = 0;
			defaultConfigurationName = Release;
		};
		C18F3EA2221FA098000CD8C1 /* Build configuration list for PBXNativeTarget "toggleButtonDemo" */ = {
			isa = XCConfigurationList;
			buildConfigurations = (
				C18F3EA3221FA098000CD8C1 /* Debug */,
				C18F3EA4221FA098000CD8C1 /* Release */,
			);
			defaultConfigurationIsVisible = 0;
			defaultConfigurationName = Release;
		};
/* End XCConfigurationList section */
	};
	rootObject = C18F3E88221FA095000CD8C1 /* Project object */;
}
